// !$*UTF8*$!
{
	archiveVersion = 1;
	classes = {
	};
	objectVersion = 46;
	objects = {

/* Begin PBXBuildFile section */
		265749291BFD6534001645EA /* AppDelegate.swift in Sources */ = {isa = PBXBuildFile; fileRef = 265749281BFD6534001645EA /* AppDelegate.swift */; };
		2657492B1BFD6534001645EA /* ViewController.swift in Sources */ = {isa = PBXBuildFile; fileRef = 2657492A1BFD6534001645EA /* ViewController.swift */; };
		2657492E1BFD6534001645EA /* Main.storyboard in Resources */ = {isa = PBXBuildFile; fileRef = 2657492C1BFD6534001645EA /* Main.storyboard */; };
		265749301BFD6534001645EA /* Images.xcassets in Resources */ = {isa = PBXBuildFile; fileRef = 2657492F1BFD6534001645EA /* Images.xcassets */; };
		265749331BFD6534001645EA /* LaunchScreen.xib in Resources */ = {isa = PBXBuildFile; fileRef = 265749311BFD6534001645EA /* LaunchScreen.xib */; };
		2657493F1BFD6534001645EA /* HelloiPhoneTests.swift in Sources */ = {isa = PBXBuildFile; fileRef = 2657493E1BFD6534001645EA /* HelloiPhoneTests.swift */; };
/* End PBXBuildFile section */

/* Begin PBXContainerItemProxy section */
		265749391BFD6534001645EA /* PBXContainerItemProxy */ = {
			isa = PBXContainerItemProxy;
			containerPortal = 2657491B1BFD6534001645EA /* Project object */;
			proxyType = 1;
			remoteGlobalIDString = 265749221BFD6534001645EA;
			remoteInfo = HelloiPhone;
		};
/* End PBXContainerItemProxy section */

/* Begin PBXFileReference section */
		265749231BFD6534001645EA /* HelloiPhone.app */ = {isa = PBXFileReference; explicitFileType = wrapper.application; includeInIndex = 0; path = HelloiPhone.app; sourceTree = BUILT_PRODUCTS_DIR; };
		265749271BFD6534001645EA /* Info.plist */ = {isa = PBXFileReference; lastKnownFileType = text.plist.xml; path = Info.plist; sourceTree = "<group>"; };
		265749281BFD6534001645EA /* AppDelegate.swift */ = {isa = PBXFileReference; lastKnownFileType = sourcecode.swift; path = AppDelegate.swift; sourceTree = "<group>"; };
		2657492A1BFD6534001645EA /* ViewController.swift */ = {isa = PBXFileReference; lastKnownFileType = sourcecode.swift; path = ViewController.swift; sourceTree = "<group>"; };
		2657492D1BFD6534001645EA /* Base */ = {isa = PBXFileReference; lastKnownFileType = file.storyboard; name = Base; path = Base.lproj/Main.storyboard; sourceTree = "<group>"; };
		2657492F1BFD6534001645EA /* Images.xcassets */ = {isa = PBXFileReference; lastKnownFileType = folder.assetcatalog; path = Images.xcassets; sourceTree = "<group>"; };
		265749321BFD6534001645EA /* Base */ = {isa = PBXFileReference; lastKnownFileType = file.xib; name = Base; path = Base.lproj/LaunchScreen.xib; sourceTree = "<group>"; };
		265749381BFD6534001645EA /* HelloiPhoneTests.xctest */ = {isa = PBXFileReference; explicitFileType = wrapper.cfbundle; includeInIndex = 0; path = HelloiPhoneTests.xctest; sourceTree = BUILT_PRODUCTS_DIR; };
		2657493D1BFD6534001645EA /* Info.plist */ = {isa = PBXFileReference; lastKnownFileType = text.plist.xml; path = Info.plist; sourceTree = "<group>"; };
		2657493E1BFD6534001645EA /* HelloiPhoneTests.swift */ = {isa = PBXFileReference; lastKnownFileType = sourcecode.swift; path = HelloiPhoneTests.swift; sourceTree = "<group>"; };
/* End PBXFileReference section */

/* Begin PBXFrameworksBuildPhase section */
		265749201BFD6534001645EA /* Frameworks */ = {
			isa = PBXFrameworksBuildPhase;
			buildActionMask = 2147483647;
			files = (
			);
			runOnlyForDeploymentPostprocessing = 0;
		};
		265749351BFD6534001645EA /* Frameworks */ = {
			isa = PBXFrameworksBuildPhase;
			buildActionMask = 2147483647;
			files = (
			);
			runOnlyForDeploymentPostprocessing = 0;
		};
/* End PBXFrameworksBuildPhase section */

/* Begin PBXGroup section */
		2657491A1BFD6534001645EA = {
			isa = PBXGroup;
			children = (
				265749251BFD6534001645EA /* HelloiPhone */,
				2657493B1BFD6534001645EA /* HelloiPhoneTests */,
				265749241BFD6534001645EA /* Products */,
			);
			sourceTree = "<group>";
		};
		265749241BFD6534001645EA /* Products */ = {
			isa = PBXGroup;
			children = (
				265749231BFD6534001645EA /* HelloiPhone.app */,
				265749381BFD6534001645EA /* HelloiPhoneTests.xctest */,
			);
			name = Products;
			sourceTree = "<group>";
		};
		265749251BFD6534001645EA /* HelloiPhone */ = {
			isa = PBXGroup;
			children = (
				265749281BFD6534001645EA /* AppDelegate.swift */,
				2657492A1BFD6534001645EA /* ViewController.swift */,
				2657492C1BFD6534001645EA /* Main.storyboard */,
				2657492F1BFD6534001645EA /* Images.xcassets */,
				265749311BFD6534001645EA /* LaunchScreen.xib */,
				265749261BFD6534001645EA /* Supporting Files */,
			);
			path = HelloiPhone;
			sourceTree = "<group>";
		};
		265749261BFD6534001645EA /* Supporting Files */ = {
			isa = PBXGroup;
			children = (
				265749271BFD6534001645EA /* Info.plist */,
			);
			name = "Supporting Files";
			sourceTree = "<group>";
		};
		2657493B1BFD6534001645EA /* HelloiPhoneTests */ = {
			isa = PBXGroup;
			children = (
				2657493E1BFD6534001645EA /* HelloiPhoneTests.swift */,
				2657493C1BFD6534001645EA /* Supporting Files */,
			);
			path = HelloiPhoneTests;
			sourceTree = "<group>";
		};
		2657493C1BFD6534001645EA /* Supporting Files */ = {
			isa = PBXGroup;
			children = (
				2657493D1BFD6534001645EA /* Info.plist */,
			);
			name = "Supporting Files";
			sourceTree = "<group>";
		};
/* End PBXGroup section */

/* Begin PBXNativeTarget section */
		265749221BFD6534001645EA /* HelloiPhone */ = {
			isa = PBXNativeTarget;
			buildConfigurationList = 265749421BFD6534001645EA /* Build configuration list for PBXNativeTarget "HelloiPhone" */;
			buildPhases = (
				2657491F1BFD6534001645EA /* Sources */,
				265749201BFD6534001645EA /* Frameworks */,
				265749211BFD6534001645EA /* Resources */,
			);
			buildRules = (
			);
			dependencies = (
			);
			name = HelloiPhone;
			productName = HelloiPhone;
			productReference = 265749231BFD6534001645EA /* HelloiPhone.app */;
			productType = "com.apple.product-type.application";
		};
		265749371BFD6534001645EA /* HelloiPhoneTests */ = {
			isa = PBXNativeTarget;
			buildConfigurationList = 265749451BFD6534001645EA /* Build configuration list for PBXNativeTarget "HelloiPhoneTests" */;
			buildPhases = (
				265749341BFD6534001645EA /* Sources */,
				265749351BFD6534001645EA /* Frameworks */,
				265749361BFD6534001645EA /* Resources */,
			);
			buildRules = (
			);
			dependencies = (
				2657493A1BFD6534001645EA /* PBXTargetDependency */,
			);
			name = HelloiPhoneTests;
			productName = HelloiPhoneTests;
			productReference = 265749381BFD6534001645EA /* HelloiPhoneTests.xctest */;
			productType = "com.apple.product-type.bundle.unit-test";
		};
/* End PBXNativeTarget section */

/* Begin PBXProject section */
		2657491B1BFD6534001645EA /* Project object */ = {
			isa = PBXProject;
			attributes = {
				LastUpgradeCheck = 0640;
				ORGANIZATIONNAME = "Nicholas Drahus";
				TargetAttributes = {
					265749221BFD6534001645EA = {
						CreatedOnToolsVersion = 6.4;
					};
					265749371BFD6534001645EA = {
						CreatedOnToolsVersion = 6.4;
						TestTargetID = 265749221BFD6534001645EA;
					};
				};
			};
			buildConfigurationList = 2657491E1BFD6534001645EA /* Build configuration list for PBXProject "HelloiPhone" */;
			compatibilityVersion = "Xcode 3.2";
			developmentRegion = English;
			hasScannedForEncodings = 0;
			knownRegions = (
				en,
				Base,
			);
			mainGroup = 2657491A1BFD6534001645EA;
			productRefGroup = 265749241BFD6534001645EA /* Products */;
			projectDirPath = "";
			projectRoot = "";
			targets = (
				265749221BFD6534001645EA /* HelloiPhone */,
				265749371BFD6534001645EA /* HelloiPhoneTests */,
			);
		};
/* End PBXProject section */

/* Begin PBXResourcesBuildPhase section */
		265749211BFD6534001645EA /* Resources */ = {
			isa = PBXResourcesBuildPhase;
			buildActionMask = 2147483647;
			files = (
				2657492E1BFD6534001645EA /* Main.storyboard in Resources */,
				265749331BFD6534001645EA /* LaunchScreen.xib in Resources */,
				265749301BFD6534001645EA /* Images.xcassets in Resources */,
			);
			runOnlyForDeploymentPostprocessing = 0;
		};
		265749361BFD6534001645EA /* Resources */ = {
			isa = PBXResourcesBuildPhase;
			buildActionMask = 2147483647;
			files = (
			);
			runOnlyForDeploymentPostprocessing = 0;
		};
/* End PBXResourcesBuildPhase section */

/* Begin PBXSourcesBuildPhase section */
		2657491F1BFD6534001645EA /* Sources */ = {
			isa = PBXSourcesBuildPhase;
			buildActionMask = 2147483647;
			files = (
				2657492B1BFD6534001645EA /* ViewController.swift in Sources */,
				265749291BFD6534001645EA /* AppDelegate.swift in Sources */,
			);
			runOnlyForDeploymentPostprocessing = 0;
		};
		265749341BFD6534001645EA /* Sources */ = {
			isa = PBXSourcesBuildPhase;
			buildActionMask = 2147483647;
			files = (
				2657493F1BFD6534001645EA /* HelloiPhoneTests.swift in Sources */,
			);
			runOnlyForDeploymentPostprocessing = 0;
		};
/* End PBXSourcesBuildPhase section */

/* Begin PBXTargetDependency section */
		2657493A1BFD6534001645EA /* PBXTargetDependency */ = {
			isa = PBXTargetDependency;
			target = 265749221BFD6534001645EA /* HelloiPhone */;
			targetProxy = 265749391BFD6534001645EA /* PBXContainerItemProxy */;
		};
/* End PBXTargetDependency section */

/* Begin PBXVariantGroup section */
		2657492C1BFD6534001645EA /* Main.storyboard */ = {
			isa = PBXVariantGroup;
			children = (
				2657492D1BFD6534001645EA /* Base */,
			);
			name = Main.storyboard;
			sourceTree = "<group>";
		};
		265749311BFD6534001645EA /* LaunchScreen.xib */ = {
			isa = PBXVariantGroup;
			children = (
				265749321BFD6534001645EA /* Base */,
			);
			name = LaunchScreen.xib;
			sourceTree = "<group>";
		};
/* End PBXVariantGroup section */

/* Begin XCBuildConfiguration section */
		265749401BFD6534001645EA /* Debug */ = {
			isa = XCBuildConfiguration;
			buildSettings = {
				ALWAYS_SEARCH_USER_PATHS = NO;
				CLANG_CXX_LANGUAGE_STANDARD = "gnu++0x";
				CLANG_CXX_LIBRARY = "libc++";
				CLANG_ENABLE_MODULES = YES;
				CLANG_ENABLE_OBJC_ARC = YES;
				CLANG_WARN_BOOL_CONVERSION = YES;
				CLANG_WARN_CONSTANT_CONVERSION = YES;
				CLANG_WARN_DIRECT_OBJC_ISA_USAGE = YES_ERROR;
				CLANG_WARN_EMPTY_BODY = YES;
				CLANG_WARN_ENUM_CONVERSION = YES;
				CLANG_WARN_INT_CONVERSION = YES;
				CLANG_WARN_OBJC_ROOT_CLASS = YES_ERROR;
				CLANG_WARN_UNREACHABLE_CODE = YES;
				CLANG_WARN__DUPLICATE_METHOD_MATCH = YES;
				"CODE_SIGN_IDENTITY[sdk=iphoneos*]" = "iPhone Developer";
				COPY_PHASE_STRIP = NO;
				DEBUG_INFORMATION_FORMAT = "dwarf-with-dsym";
				ENABLE_STRICT_OBJC_MSGSEND = YES;
				GCC_C_LANGUAGE_STANDARD = gnu99;
				GCC_DYNAMIC_NO_PIC = NO;
				GCC_NO_COMMON_BLOCKS = YES;
				GCC_OPTIMIZATION_LEVEL = 0;
				GCC_PREPROCESSOR_DEFINITIONS = (
					"DEBUG=1",
					"$(inherited)",
				);
				GCC_SYMBOLS_PRIVATE_EXTERN = NO;
				GCC_WARN_64_TO_32_BIT_CONVERSION = YES;
				GCC_WARN_ABOUT_RETURN_TYPE = YES_ERROR;
				GCC_WARN_UNDECLARED_SELECTOR = YES;
				GCC_WARN_UNINITIALIZED_AUTOS = YES_AGGRESSIVE;
				GCC_WARN_UNUSED_FUNCTION = YES;
				GCC_WARN_UNUSED_VARIABLE = YES;
				IPHONEOS_DEPLOYMENT_TARGET = 8.4;
				MTL_ENABLE_DEBUG_INFO = YES;
				ONLY_ACTIVE_ARCH = YES;
				SDKROOT = iphoneos;
				SWIFT_OPTIMIZATION_LEVEL = "-Onone";
			};
			name = Debug;
		};
		265749411BFD6534001645EA /* Release */ = {
			isa = XCBuildConfiguration;
			buildSettings = {
				ALWAYS_SEARCH_USER_PATHS = NO;
				CLANG_CXX_LANGUAGE_STANDARD = "gnu++0x";
				CLANG_CXX_LIBRARY = "libc++";
				CLANG_ENABLE_MODULES = YES;
				CLANG_ENABLE_OBJC_ARC = YES;
				CLANG_WARN_BOOL_CONVERSION = YES;
				CLANG_WARN_CONSTANT_CONVERSION = YES;
				CLANG_WARN_DIRECT_OBJC_ISA_USAGE = YES_ERROR;
				CLANG_WARN_EMPTY_BODY = YES;
				CLANG_WARN_ENUM_CONVERSION = YES;
				CLANG_WARN_INT_CONVERSION = YES;
				CLANG_WARN_OBJC_ROOT_CLASS = YES_ERROR;
				CLANG_WARN_UNREACHABLE_CODE = YES;
				CLANG_WARN__DUPLICATE_METHOD_MATCH = YES;
				"CODE_SIGN_IDENTITY[sdk=iphoneos*]" = "iPhone Developer";
				COPY_PHASE_STRIP = NO;
				DEBUG_INFORMATION_FORMAT = "dwarf-with-dsym";
				ENABLE_NS_ASSERTIONS = NO;
				ENABLE_STRICT_OBJC_MSGSEND = YES;
				GCC_C_LANGUAGE_STANDARD = gnu99;
				GCC_NO_COMMON_BLOCKS = YES;
				GCC_WARN_64_TO_32_BIT_CONVERSION = YES;
				GCC_WARN_ABOUT_RETURN_TYPE = YES_ERROR;
				GCC_WARN_UNDECLARED_SELECTOR = YES;
				GCC_WARN_UNINITIALIZED_AUTOS = YES_AGGRESSIVE;
				GCC_WARN_UNUSED_FUNCTION = YES;
				GCC_WARN_UNUSED_VARIABLE = YES;
				IPHONEOS_DEPLOYMENT_TARGET = 8.4;
				MTL_ENABLE_DEBUG_INFO = NO;
				SDKROOT = iphoneos;
				VALIDATE_PRODUCT = YES;
			};
			name = Release;
		};
		265749431BFD6534001645EA /* Debug */ = {
			isa = XCBuildConfiguration;
			buildSettings = {
				ASSETCATALOG_COMPILER_APPICON_NAME = AppIcon;
				INFOPLIST_FILE = HelloiPhone/Info.plist;
				LD_RUNPATH_SEARCH_PATHS = "$(inherited) @executable_path/Frameworks";
				PRODUCT_NAME = "$(TARGET_NAME)";
			};
			name = Debug;
		};
		265749441BFD6534001645EA /* Release */ = {
			isa = XCBuildConfiguration;
			buildSettings = {
				ASSETCATALOG_COMPILER_APPICON_NAME = AppIcon;
				INFOPLIST_FILE = HelloiPhone/Info.plist;
				LD_RUNPATH_SEARCH_PATHS = "$(inherited) @executable_path/Frameworks";
				PRODUCT_NAME = "$(TARGET_NAME)";
			};
			name = Release;
		};
		265749461BFD6534001645EA /* Debug */ = {
			isa = XCBuildConfiguration;
			buildSettings = {
				BUNDLE_LOADER = "$(TEST_HOST)";
				FRAMEWORK_SEARCH_PATHS = (
					"$(SDKROOT)/Developer/Library/Frameworks",
					"$(inherited)",
				);
				GCC_PREPROCESSOR_DEFINITIONS = (
					"DEBUG=1",
					"$(inherited)",
				);
				INFOPLIST_FILE = HelloiPhoneTests/Info.plist;
				LD_RUNPATH_SEARCH_PATHS = "$(inherited) @executable_path/Frameworks @loader_path/Frameworks";
				PRODUCT_NAME = "$(TARGET_NAME)";
				TEST_HOST = "$(BUILT_PRODUCTS_DIR)/HelloiPhone.app/HelloiPhone";
			};
			name = Debug;
		};
		265749471BFD6534001645EA /* Release */ = {
			isa = XCBuildConfiguration;
			buildSettings = {
				BUNDLE_LOADER = "$(TEST_HOST)";
				FRAMEWORK_SEARCH_PATHS = (
					"$(SDKROOT)/Developer/Library/Frameworks",
					"$(inherited)",
				);
				INFOPLIST_FILE = HelloiPhoneTests/Info.plist;
				LD_RUNPATH_SEARCH_PATHS = "$(inherited) @executable_path/Frameworks @loader_path/Frameworks";
				PRODUCT_NAME = "$(TARGET_NAME)";
				TEST_HOST = "$(BUILT_PRODUCTS_DIR)/HelloiPhone.app/HelloiPhone";
			};
			name = Release;
		};
/* End XCBuildConfiguration section */

/* Begin XCConfigurationList section */
		2657491E1BFD6534001645EA /* Build configuration list for PBXProject "HelloiPhone" */ = {
			isa = XCConfigurationList;
			buildConfigurations = (
				265749401BFD6534001645EA /* Debug */,
				265749411BFD6534001645EA /* Release */,
			);
			defaultConfigurationIsVisible = 0;
			defaultConfigurationName = Release;
		};
		265749421BFD6534001645EA /* Build configuration list for PBXNativeTarget "HelloiPhone" */ = {
			isa = XCConfigurationList;
			buildConfigurations = (
				265749431BFD6534001645EA /* Debug */,
				265749441BFD6534001645EA /* Release */,
			);
			defaultConfigurationIsVisible = 0;
		};
		265749451BFD6534001645EA /* Build configuration list for PBXNativeTarget "HelloiPhoneTests" */ = {
			isa = XCConfigurationList;
			buildConfigurations = (
				265749461BFD6534001645EA /* Debug */,
				265749471BFD6534001645EA /* Release */,
			);
			defaultConfigurationIsVisible = 0;
		};
/* End XCConfigurationList section */
	};
	rootObject = 2657491B1BFD6534001645EA /* Project object */;
}
